
Microsoft Visual Studio Solution File, Format Version 12.00
# Visual Studio Version 17
VisualStudioVersion = 17.6.33723.286
MinimumVisualStudioVersion = 10.0.40219.1
Project("{FAE04EC0-301F-11D3-BF4B-00C04F79EFBC}") = "Csdn", "Csdn\Csdn.csproj", "{4F285E6D-A7B0-4B88-8A24-969F316A615A}"
EndProject
Global
	GlobalSection(SolutionConfigurationPlatforms) = preSolution
		Debug|Any CPU = Debug|Any CPU
		Release|Any CPU = Release|Any CPU
	EndGlobalSection
	GlobalSection(ProjectConfigurationPlatforms) = postSolution
		{4F285E6D-A7B0-4B88-8A24-969F316A615A}.Debug|Any CPU.ActiveCfg = Debug|Any CPU
		{4F285E6D-A7B0-4B88-8A24-969F316A615A}.Debug|Any CPU.Build.0 = Debug|Any CPU
		{4F285E6D-A7B0-4B88-8A24-969F316A615A}.Release|Any CPU.ActiveCfg = Release|Any CPU
		{4F285E6D-A7B0-4B88-8A24-969F316A615A}.Release|Any CPU.Build.0 = Release|Any CPU
	EndGlobalSection
	GlobalSection(SolutionProperties) = preSolution
		HideSolutionNode = FALSE
	EndGlobalSection
	GlobalSection(ExtensibilityGlobals) = postSolution
		SolutionGuid = {C021683A-D9FA-4D3B-BDF5-A5CF69420BEC}
	EndGlobalSection
EndGlobal
